// !$*UTF8*$!
{
	archiveVersion = 1;
	classes = {
	};
	objectVersion = 77;
	objects = {

/* Begin PBXBuildFile section */
		C858BDF52D75D59600C4C6C0 /* CaffeineTracker Watch App.app in Embed Watch Content */ = {isa = PBXBuildFile; fileRef = C858BDF42D75D59600C4C6C0 /* CaffeineTracker Watch App.app */; settings = {ATTRIBUTES = (RemoveHeadersOnCopy, ); }; };
/* End PBXBuildFile section */

/* Begin PBXContainerItemProxy section */
		C858BDF62D75D59600C4C6C0 /* PBXContainerItemProxy */ = {
			isa = PBXContainerItemProxy;
			containerPortal = C858BDE82D75D59500C4C6C0 /* Project object */;
			proxyType = 1;
			remoteGlobalIDString = C858BDF32D75D59600C4C6C0;
			remoteInfo = "CaffeineTracker Watch App";
		};
		C858BE072D75D59800C4C6C0 /* PBXContainerItemProxy */ = {
			isa = PBXContainerItemProxy;
			containerPortal = C858BDE82D75D59500C4C6C0 /* Project object */;
			proxyType = 1;
			remoteGlobalIDString = C858BDF32D75D59600C4C6C0;
			remoteInfo = "CaffeineTracker Watch App";
		};
		C858BE112D75D59800C4C6C0 /* PBXContainerItemProxy */ = {
			isa = PBXContainerItemProxy;
			containerPortal = C858BDE82D75D59500C4C6C0 /* Project object */;
			proxyType = 1;
			remoteGlobalIDString = C858BDF32D75D59600C4C6C0;
			remoteInfo = "CaffeineTracker Watch App";
		};
/* End PBXContainerItemProxy section */

/* Begin PBXCopyFilesBuildPhase section */
		C858BE1D2D75D59800C4C6C0 /* Embed Watch Content */ = {
			isa = PBXCopyFilesBuildPhase;
			buildActionMask = 2147483647;
			dstPath = "$(CONTENTS_FOLDER_PATH)/Watch";
			dstSubfolderSpec = 16;
			files = (
				C858BDF52D75D59600C4C6C0 /* CaffeineTracker Watch App.app in Embed Watch Content */,
			);
			name = "Embed Watch Content";
			runOnlyForDeploymentPostprocessing = 0;
		};
/* End PBXCopyFilesBuildPhase section */

/* Begin PBXFileReference section */
		C858BDEE2D75D59600C4C6C0 /* CaffeineTracker.app */ = {isa = PBXFileReference; explicitFileType = wrapper.application; includeInIndex = 0; path = CaffeineTracker.app; sourceTree = BUILT_PRODUCTS_DIR; };
		C858BDF42D75D59600C4C6C0 /* CaffeineTracker Watch App.app */ = {isa = PBXFileReference; explicitFileType = wrapper.application; includeInIndex = 0; path = "CaffeineTracker Watch App.app"; sourceTree = BUILT_PRODUCTS_DIR; };
		C858BE062D75D59800C4C6C0 /* CaffeineTracker Watch AppTests.xctest */ = {isa = PBXFileReference; explicitFileType = wrapper.cfbundle; includeInIndex = 0; path = "CaffeineTracker Watch AppTests.xctest"; sourceTree = BUILT_PRODUCTS_DIR; };
		C858BE102D75D59800C4C6C0 /* CaffeineTracker Watch AppUITests.xctest */ = {isa = PBXFileReference; explicitFileType = wrapper.cfbundle; includeInIndex = 0; path = "CaffeineTracker Watch AppUITests.xctest"; sourceTree = BUILT_PRODUCTS_DIR; };
/* End PBXFileReference section */

/* Begin PBXFileSystemSynchronizedRootGroup section */
		C858BDF82D75D59600C4C6C0 /* CaffeineTracker Watch App */ = {
			isa = PBXFileSystemSynchronizedRootGroup;
			path = "CaffeineTracker Watch App";
			sourceTree = "<group>";
		};
		C858BE092D75D59800C4C6C0 /* CaffeineTracker Watch AppTests */ = {
			isa = PBXFileSystemSynchronizedRootGroup;
			path = "CaffeineTracker Watch AppTests";
			sourceTree = "<group>";
		};
		C858BE132D75D59800C4C6C0 /* CaffeineTracker Watch AppUITests */ = {
			isa = PBXFileSystemSynchronizedRootGroup;
			path = "CaffeineTracker Watch AppUITests";
			sourceTree = "<group>";
		};
/* End PBXFileSystemSynchronizedRootGroup section */

/* Begin PBXFrameworksBuildPhase section */
		C858BDF12D75D59600C4C6C0 /* Frameworks */ = {
			isa = PBXFrameworksBuildPhase;
			buildActionMask = 2147483647;
			files = (
			);
			runOnlyForDeploymentPostprocessing = 0;
		};
		C858BE032D75D59800C4C6C0 /* Frameworks */ = {
			isa = PBXFrameworksBuildPhase;
			buildActionMask = 2147483647;
			files = (
			);
			runOnlyForDeploymentPostprocessing = 0;
		};
		C858BE0D2D75D59800C4C6C0 /* Frameworks */ = {
			isa = PBXFrameworksBuildPhase;
			buildActionMask = 2147483647;
			files = (
			);
			runOnlyForDeploymentPostprocessing = 0;
		};
/* End PBXFrameworksBuildPhase section */

/* Begin PBXGroup section */
		C858BDE72D75D59500C4C6C0 = {
			isa = PBXGroup;
			children = (
				C858BDF82D75D59600C4C6C0 /* CaffeineTracker Watch App */,
				C858BE092D75D59800C4C6C0 /* CaffeineTracker Watch AppTests */,
				C858BE132D75D59800C4C6C0 /* CaffeineTracker Watch AppUITests */,
				C858BDEF2D75D59600C4C6C0 /* Products */,
			);
			sourceTree = "<group>";
		};
		C858BDEF2D75D59600C4C6C0 /* Products */ = {
			isa = PBXGroup;
			children = (
				C858BDEE2D75D59600C4C6C0 /* CaffeineTracker.app */,
				C858BDF42D75D59600C4C6C0 /* CaffeineTracker Watch App.app */,
				C858BE062D75D59800C4C6C0 /* CaffeineTracker Watch AppTests.xctest */,
				C858BE102D75D59800C4C6C0 /* CaffeineTracker Watch AppUITests.xctest */,
			);
			name = Products;
			sourceTree = "<group>";
		};
/* End PBXGroup section */

/* Begin PBXNativeTarget section */
		C858BDED2D75D59600C4C6C0 /* CaffeineTracker */ = {
			isa = PBXNativeTarget;
			buildConfigurationList = C858BE1E2D75D59800C4C6C0 /* Build configuration list for PBXNativeTarget "CaffeineTracker" */;
			buildPhases = (
				C858BDEC2D75D59600C4C6C0 /* Resources */,
				C858BE1D2D75D59800C4C6C0 /* Embed Watch Content */,
			);
			buildRules = (
			);
			dependencies = (
				C858BDF72D75D59600C4C6C0 /* PBXTargetDependency */,
			);
			name = CaffeineTracker;
			packageProductDependencies = (
			);
			productName = CaffeineTracker;
			productReference = C858BDEE2D75D59600C4C6C0 /* CaffeineTracker.app */;
			productType = "com.apple.product-type.application.watchapp2-container";
		};
		C858BDF32D75D59600C4C6C0 /* CaffeineTracker Watch App */ = {
			isa = PBXNativeTarget;
			buildConfigurationList = C858BE1A2D75D59800C4C6C0 /* Build configuration list for PBXNativeTarget "CaffeineTracker Watch App" */;
			buildPhases = (
				C858BDF02D75D59600C4C6C0 /* Sources */,
				C858BDF12D75D59600C4C6C0 /* Frameworks */,
				C858BDF22D75D59600C4C6C0 /* Resources */,
			);
			buildRules = (
			);
			dependencies = (
			);
			fileSystemSynchronizedGroups = (
				C858BDF82D75D59600C4C6C0 /* CaffeineTracker Watch App */,
			);
			name = "CaffeineTracker Watch App";
			packageProductDependencies = (
			);
			productName = "CaffeineTracker Watch App";
			productReference = C858BDF42D75D59600C4C6C0 /* CaffeineTracker Watch App.app */;
			productType = "com.apple.product-type.application";
		};
		C858BE052D75D59800C4C6C0 /* CaffeineTracker Watch AppTests */ = {
			isa = PBXNativeTarget;
			buildConfigurationList = C858BE212D75D59800C4C6C0 /* Build configuration list for PBXNativeTarget "CaffeineTracker Watch AppTests" */;
			buildPhases = (
				C858BE022D75D59800C4C6C0 /* Sources */,
				C858BE032D75D59800C4C6C0 /* Frameworks */,
				C858BE042D75D59800C4C6C0 /* Resources */,
			);
			buildRules = (
			);
			dependencies = (
				C858BE082D75D59800C4C6C0 /* PBXTargetDependency */,
			);
			fileSystemSynchronizedGroups = (
				C858BE092D75D59800C4C6C0 /* CaffeineTracker Watch AppTests */,
			);
			name = "CaffeineTracker Watch AppTests";
			packageProductDependencies = (
			);
			productName = "CaffeineTracker Watch AppTests";
			productReference = C858BE062D75D59800C4C6C0 /* CaffeineTracker Watch AppTests.xctest */;
			productType = "com.apple.product-type.bundle.unit-test";
		};
		C858BE0F2D75D59800C4C6C0 /* CaffeineTracker Watch AppUITests */ = {
			isa = PBXNativeTarget;
			buildConfigurationList = C858BE242D75D59800C4C6C0 /* Build configuration list for PBXNativeTarget "CaffeineTracker Watch AppUITests" */;
			buildPhases = (
				C858BE0C2D75D59800C4C6C0 /* Sources */,
				C858BE0D2D75D59800C4C6C0 /* Frameworks */,
				C858BE0E2D75D59800C4C6C0 /* Resources */,
			);
			buildRules = (
			);
			dependencies = (
				C858BE122D75D59800C4C6C0 /* PBXTargetDependency */,
			);
			fileSystemSynchronizedGroups = (
				C858BE132D75D59800C4C6C0 /* CaffeineTracker Watch AppUITests */,
			);
			name = "CaffeineTracker Watch AppUITests";
			packageProductDependencies = (
			);
			productName = "CaffeineTracker Watch AppUITests";
			productReference = C858BE102D75D59800C4C6C0 /* CaffeineTracker Watch AppUITests.xctest */;
			productType = "com.apple.product-type.bundle.ui-testing";
		};
/* End PBXNativeTarget section */

/* Begin PBXProject section */
		C858BDE82D75D59500C4C6C0 /* Project object */ = {
			isa = PBXProject;
			attributes = {
				BuildIndependentTargetsInParallel = 1;
				LastSwiftUpdateCheck = 1620;
				LastUpgradeCheck = 1620;
				TargetAttributes = {
					C858BDED2D75D59600C4C6C0 = {
						CreatedOnToolsVersion = 16.2;
					};
					C858BDF32D75D59600C4C6C0 = {
						CreatedOnToolsVersion = 16.2;
					};
					C858BE052D75D59800C4C6C0 = {
						CreatedOnToolsVersion = 16.2;
						TestTargetID = C858BDF32D75D59600C4C6C0;
					};
					C858BE0F2D75D59800C4C6C0 = {
						CreatedOnToolsVersion = 16.2;
						TestTargetID = C858BDF32D75D59600C4C6C0;
					};
				};
			};
			buildConfigurationList = C858BDEB2D75D59500C4C6C0 /* Build configuration list for PBXProject "CaffeineTracker" */;
			developmentRegion = en;
			hasScannedForEncodings = 0;
			knownRegions = (
				en,
				Base,
			);
			mainGroup = C858BDE72D75D59500C4C6C0;
			minimizedProjectReferenceProxies = 1;
			preferredProjectObjectVersion = 77;
			productRefGroup = C858BDEF2D75D59600C4C6C0 /* Products */;
			projectDirPath = "";
			projectRoot = "";
			targets = (
				C858BDED2D75D59600C4C6C0 /* CaffeineTracker */,
				C858BDF32D75D59600C4C6C0 /* CaffeineTracker Watch App */,
				C858BE052D75D59800C4C6C0 /* CaffeineTracker Watch AppTests */,
				C858BE0F2D75D59800C4C6C0 /* CaffeineTracker Watch AppUITests */,
			);
		};
/* End PBXProject section */

/* Begin PBXResourcesBuildPhase section */
		C858BDEC2D75D59600C4C6C0 /* Resources */ = {
			isa = PBXResourcesBuildPhase;
			buildActionMask = 2147483647;
			files = (
			);
			runOnlyForDeploymentPostprocessing = 0;
		};
		C858BDF22D75D59600C4C6C0 /* Resources */ = {
			isa = PBXResourcesBuildPhase;
			buildActionMask = 2147483647;
			files = (
			);
			runOnlyForDeploymentPostprocessing = 0;
		};
		C858BE042D75D59800C4C6C0 /* Resources */ = {
			isa = PBXResourcesBuildPhase;
			buildActionMask = 2147483647;
			files = (
			);
			runOnlyForDeploymentPostprocessing = 0;
		};
		C858BE0E2D75D59800C4C6C0 /* Resources */ = {
			isa = PBXResourcesBuildPhase;
			buildActionMask = 2147483647;
			files = (
			);
			runOnlyForDeploymentPostprocessing = 0;
		};
/* End PBXResourcesBuildPhase section */

/* Begin PBXSourcesBuildPhase section */
		C858BDF02D75D59600C4C6C0 /* Sources */ = {
			isa = PBXSourcesBuildPhase;
			buildActionMask = 2147483647;
			files = (
			);
			runOnlyForDeploymentPostprocessing = 0;
		};
		C858BE022D75D59800C4C6C0 /* Sources */ = {
			isa = PBXSourcesBuildPhase;
			buildActionMask = 2147483647;
			files = (
			);
			runOnlyForDeploymentPostprocessing = 0;
		};
		C858BE0C2D75D59800C4C6C0 /* Sources */ = {
			isa = PBXSourcesBuildPhase;
			buildActionMask = 2147483647;
			files = (
			);
			runOnlyForDeploymentPostprocessing = 0;
		};
/* End PBXSourcesBuildPhase section */

/* Begin PBXTargetDependency section */
		C858BDF72D75D59600C4C6C0 /* PBXTargetDependency */ = {
			isa = PBXTargetDependency;
			target = C858BDF32D75D59600C4C6C0 /* CaffeineTracker Watch App */;
			targetProxy = C858BDF62D75D59600C4C6C0 /* PBXContainerItemProxy */;
		};
		C858BE082D75D59800C4C6C0 /* PBXTargetDependency */ = {
			isa = PBXTargetDependency;
			target = C858BDF32D75D59600C4C6C0 /* CaffeineTracker Watch App */;
			targetProxy = C858BE072D75D59800C4C6C0 /* PBXContainerItemProxy */;
		};
		C858BE122D75D59800C4C6C0 /* PBXTargetDependency */ = {
			isa = PBXTargetDependency;
			target = C858BDF32D75D59600C4C6C0 /* CaffeineTracker Watch App */;
			targetProxy = C858BE112D75D59800C4C6C0 /* PBXContainerItemProxy */;
		};
/* End PBXTargetDependency section */

/* Begin XCBuildConfiguration section */
		C858BE182D75D59800C4C6C0 /* Debug */ = {
			isa = XCBuildConfiguration;
			buildSettings = {
				ALWAYS_SEARCH_USER_PATHS = NO;
				ASSETCATALOG_COMPILER_GENERATE_SWIFT_ASSET_SYMBOL_EXTENSIONS = YES;
				CLANG_ANALYZER_NONNULL = YES;
				CLANG_ANALYZER_NUMBER_OBJECT_CONVERSION = YES_AGGRESSIVE;
				CLANG_CXX_LANGUAGE_STANDARD = "gnu++20";
				CLANG_ENABLE_MODULES = YES;
				CLANG_ENABLE_OBJC_ARC = YES;
				CLANG_ENABLE_OBJC_WEAK = YES;
				CLANG_WARN_BLOCK_CAPTURE_AUTORELEASING = YES;
				CLANG_WARN_BOOL_CONVERSION = YES;
				CLANG_WARN_COMMA = YES;
				CLANG_WARN_CONSTANT_CONVERSION = YES;
				CLANG_WARN_DEPRECATED_OBJC_IMPLEMENTATIONS = YES;
				CLANG_WARN_DIRECT_OBJC_ISA_USAGE = YES_ERROR;
				CLANG_WARN_DOCUMENTATION_COMMENTS = YES;
				CLANG_WARN_EMPTY_BODY = YES;
				CLANG_WARN_ENUM_CONVERSION = YES;
				CLANG_WARN_INFINITE_RECURSION = YES;
				CLANG_WARN_INT_CONVERSION = YES;
				CLANG_WARN_NON_LITERAL_NULL_CONVERSION = YES;
				CLANG_WARN_OBJC_IMPLICIT_RETAIN_SELF = YES;
				CLANG_WARN_OBJC_LITERAL_CONVERSION = YES;
				CLANG_WARN_OBJC_ROOT_CLASS = YES_ERROR;
				CLANG_WARN_QUOTED_INCLUDE_IN_FRAMEWORK_HEADER = YES;
				CLANG_WARN_RANGE_LOOP_ANALYSIS = YES;
				CLANG_WARN_STRICT_PROTOTYPES = YES;
				CLANG_WARN_SUSPICIOUS_MOVE = YES;
				CLANG_WARN_UNGUARDED_AVAILABILITY = YES_AGGRESSIVE;
				CLANG_WARN_UNREACHABLE_CODE = YES;
				CLANG_WARN__DUPLICATE_METHOD_MATCH = YES;
				COPY_PHASE_STRIP = NO;
				DEBUG_INFORMATION_FORMAT = dwarf;
				ENABLE_STRICT_OBJC_MSGSEND = YES;
				ENABLE_TESTABILITY = YES;
				ENABLE_USER_SCRIPT_SANDBOXING = YES;
				GCC_C_LANGUAGE_STANDARD = gnu17;
				GCC_DYNAMIC_NO_PIC = NO;
				GCC_NO_COMMON_BLOCKS = YES;
				GCC_OPTIMIZATION_LEVEL = 0;
				GCC_PREPROCESSOR_DEFINITIONS = (
					"DEBUG=1",
					"$(inherited)",
				);
				GCC_WARN_64_TO_32_BIT_CONVERSION = YES;
				GCC_WARN_ABOUT_RETURN_TYPE = YES_ERROR;
				GCC_WARN_UNDECLARED_SELECTOR = YES;
				GCC_WARN_UNINITIALIZED_AUTOS = YES_AGGRESSIVE;
				GCC_WARN_UNUSED_FUNCTION = YES;
				GCC_WARN_UNUSED_VARIABLE = YES;
				LOCALIZATION_PREFERS_STRING_CATALOGS = YES;
				MTL_ENABLE_DEBUG_INFO = INCLUDE_SOURCE;
				MTL_FAST_MATH = YES;
				ONLY_ACTIVE_ARCH = YES;
				SWIFT_ACTIVE_COMPILATION_CONDITIONS = "DEBUG $(inherited)";
				SWIFT_OPTIMIZATION_LEVEL = "-Onone";
			};
			name = Debug;
		};
		C858BE192D75D59800C4C6C0 /* Release */ = {
			isa = XCBuildConfiguration;
			buildSettings = {
				ALWAYS_SEARCH_USER_PATHS = NO;
				ASSETCATALOG_COMPILER_GENERATE_SWIFT_ASSET_SYMBOL_EXTENSIONS = YES;
				CLANG_ANALYZER_NONNULL = YES;
				CLANG_ANALYZER_NUMBER_OBJECT_CONVERSION = YES_AGGRESSIVE;
				CLANG_CXX_LANGUAGE_STANDARD = "gnu++20";
				CLANG_ENABLE_MODULES = YES;
				CLANG_ENABLE_OBJC_ARC = YES;
				CLANG_ENABLE_OBJC_WEAK = YES;
				CLANG_WARN_BLOCK_CAPTURE_AUTORELEASING = YES;
				CLANG_WARN_BOOL_CONVERSION = YES;
				CLANG_WARN_COMMA = YES;
				CLANG_WARN_CONSTANT_CONVERSION = YES;
				CLANG_WARN_DEPRECATED_OBJC_IMPLEMENTATIONS = YES;
				CLANG_WARN_DIRECT_OBJC_ISA_USAGE = YES_ERROR;
				CLANG_WARN_DOCUMENTATION_COMMENTS = YES;
				CLANG_WARN_EMPTY_BODY = YES;
				CLANG_WARN_ENUM_CONVERSION = YES;
				CLANG_WARN_INFINITE_RECURSION = YES;
				CLANG_WARN_INT_CONVERSION = YES;
				CLANG_WARN_NON_LITERAL_NULL_CONVERSION = YES;
				CLANG_WARN_OBJC_IMPLICIT_RETAIN_SELF = YES;
				CLANG_WARN_OBJC_LITERAL_CONVERSION = YES;
				CLANG_WARN_OBJC_ROOT_CLASS = YES_ERROR;
				CLANG_WARN_QUOTED_INCLUDE_IN_FRAMEWORK_HEADER = YES;
				CLANG_WARN_RANGE_LOOP_ANALYSIS = YES;
				CLANG_WARN_STRICT_PROTOTYPES = YES;
				CLANG_WARN_SUSPICIOUS_MOVE = YES;
				CLANG_WARN_UNGUARDED_AVAILABILITY = YES_AGGRESSIVE;
				CLANG_WARN_UNREACHABLE_CODE = YES;
				CLANG_WARN__DUPLICATE_METHOD_MATCH = YES;
				COPY_PHASE_STRIP = NO;
				DEBUG_INFORMATION_FORMAT = "dwarf-with-dsym";
				ENABLE_NS_ASSERTIONS = NO;
				ENABLE_STRICT_OBJC_MSGSEND = YES;
				ENABLE_USER_SCRIPT_SANDBOXING = YES;
				GCC_C_LANGUAGE_STANDARD = gnu17;
				GCC_NO_COMMON_BLOCKS = YES;
				GCC_WARN_64_TO_32_BIT_CONVERSION = YES;
				GCC_WARN_ABOUT_RETURN_TYPE = YES_ERROR;
				GCC_WARN_UNDECLARED_SELECTOR = YES;
				GCC_WARN_UNINITIALIZED_AUTOS = YES_AGGRESSIVE;
				GCC_WARN_UNUSED_FUNCTION = YES;
				GCC_WARN_UNUSED_VARIABLE = YES;
				LOCALIZATION_PREFERS_STRING_CATALOGS = YES;
				MTL_ENABLE_DEBUG_INFO = NO;
				MTL_FAST_MATH = YES;
				SWIFT_COMPILATION_MODE = wholemodule;
			};
			name = Release;
		};
		C858BE1B2D75D59800C4C6C0 /* Debug */ = {
			isa = XCBuildConfiguration;
			buildSettings = {
				ASSETCATALOG_COMPILER_APPICON_NAME = AppIcon;
				ASSETCATALOG_COMPILER_GLOBAL_ACCENT_COLOR_NAME = AccentColor;
				CODE_SIGN_STYLE = Automatic;
				CURRENT_PROJECT_VERSION = 1;
				DEVELOPMENT_ASSET_PATHS = "\"CaffeineTracker Watch App/Preview Content\"";
				DEVELOPMENT_TEAM = 472369WZ86;
				ENABLE_PREVIEWS = YES;
				GENERATE_INFOPLIST_FILE = YES;
				INFOPLIST_KEY_CFBundleDisplayName = CaffeineTracker;
				INFOPLIST_KEY_UISupportedInterfaceOrientations = "UIInterfaceOrientationPortrait UIInterfaceOrientationPortraitUpsideDown";
				INFOPLIST_KEY_WKWatchOnly = YES;
				LD_RUNPATH_SEARCH_PATHS = (
					"$(inherited)",
					"@executable_path/Frameworks",
				);
				MARKETING_VERSION = 1.0;
				PRODUCT_BUNDLE_IDENTIFIER = kj.CaffeineTracker.watchkitapp;
				PRODUCT_NAME = "$(TARGET_NAME)";
				SDKROOT = watchos;
				SKIP_INSTALL = YES;
				SWIFT_EMIT_LOC_STRINGS = YES;
				SWIFT_VERSION = 5.0;
				TARGETED_DEVICE_FAMILY = 4;
				WATCHOS_DEPLOYMENT_TARGET = 11.2;
			};
			name = Debug;
		};
		C858BE1C2D75D59800C4C6C0 /* Release */ = {
			isa = XCBuildConfiguration;
			buildSettings = {
				ASSETCATALOG_COMPILER_APPICON_NAME = AppIcon;
				ASSETCATALOG_COMPILER_GLOBAL_ACCENT_COLOR_NAME = AccentColor;
				CODE_SIGN_STYLE = Automatic;
				CURRENT_PROJECT_VERSION = 1;
				DEVELOPMENT_ASSET_PATHS = "\"CaffeineTracker Watch App/Preview Content\"";
				DEVELOPMENT_TEAM = 472369WZ86;
				ENABLE_PREVIEWS = YES;
				GENERATE_INFOPLIST_FILE = YES;
				INFOPLIST_KEY_CFBundleDisplayName = CaffeineTracker;
				INFOPLIST_KEY_UISupportedInterfaceOrientations = "UIInterfaceOrientationPortrait UIInterfaceOrientationPortraitUpsideDown";
				INFOPLIST_KEY_WKWatchOnly = YES;
				LD_RUNPATH_SEARCH_PATHS = (
					"$(inherited)",
					"@executable_path/Frameworks",
				);
				MARKETING_VERSION = 1.0;
				PRODUCT_BUNDLE_IDENTIFIER = kj.CaffeineTracker.watchkitapp;
				PRODUCT_NAME = "$(TARGET_NAME)";
				SDKROOT = watchos;
				SKIP_INSTALL = YES;
				SWIFT_EMIT_LOC_STRINGS = YES;
				SWIFT_VERSION = 5.0;
				TARGETED_DEVICE_FAMILY = 4;
				VALIDATE_PRODUCT = YES;
				WATCHOS_DEPLOYMENT_TARGET = 11.2;
			};
			name = Release;
		};
		C858BE1F2D75D59800C4C6C0 /* Debug */ = {
			isa = XCBuildConfiguration;
			buildSettings = {
				CODE_SIGN_STYLE = Automatic;
				CURRENT_PROJECT_VERSION = 1;
				DEVELOPMENT_TEAM = 472369WZ86;
				INFOPLIST_KEY_CFBundleDisplayName = CaffeineTracker;
				MARKETING_VERSION = 1.0;
				PRODUCT_BUNDLE_IDENTIFIER = kj.CaffeineTracker;
				PRODUCT_NAME = "$(TARGET_NAME)";
				SDKROOT = iphoneos;
				SWIFT_VERSION = 5.0;
			};
			name = Debug;
		};
		C858BE202D75D59800C4C6C0 /* Release */ = {
			isa = XCBuildConfiguration;
			buildSettings = {
				CODE_SIGN_STYLE = Automatic;
				CURRENT_PROJECT_VERSION = 1;
				DEVELOPMENT_TEAM = 472369WZ86;
				INFOPLIST_KEY_CFBundleDisplayName = CaffeineTracker;
				MARKETING_VERSION = 1.0;
				PRODUCT_BUNDLE_IDENTIFIER = kj.CaffeineTracker;
				PRODUCT_NAME = "$(TARGET_NAME)";
				SDKROOT = iphoneos;
				SWIFT_VERSION = 5.0;
				VALIDATE_PRODUCT = YES;
			};
			name = Release;
		};
		C858BE222D75D59800C4C6C0 /* Debug */ = {
			isa = XCBuildConfiguration;
			buildSettings = {
				BUNDLE_LOADER = "$(TEST_HOST)";
				CODE_SIGN_STYLE = Automatic;
				CURRENT_PROJECT_VERSION = 1;
				DEVELOPMENT_TEAM = 472369WZ86;
				GENERATE_INFOPLIST_FILE = YES;
				MARKETING_VERSION = 1.0;
				PRODUCT_BUNDLE_IDENTIFIER = "kj.CaffeineTracker-Watch-AppTests";
				PRODUCT_NAME = "$(TARGET_NAME)";
				SDKROOT = watchos;
				SWIFT_EMIT_LOC_STRINGS = NO;
				SWIFT_VERSION = 5.0;
				TARGETED_DEVICE_FAMILY = 4;
				TEST_HOST = "$(BUILT_PRODUCTS_DIR)/CaffeineTracker Watch App.app/$(BUNDLE_EXECUTABLE_FOLDER_PATH)/CaffeineTracker Watch App";
				WATCHOS_DEPLOYMENT_TARGET = 11.2;
			};
			name = Debug;
		};
		C858BE232D75D59800C4C6C0 /* Release */ = {
			isa = XCBuildConfiguration;
			buildSettings = {
				BUNDLE_LOADER = "$(TEST_HOST)";
				CODE_SIGN_STYLE = Automatic;
				CURRENT_PROJECT_VERSION = 1;
				DEVELOPMENT_TEAM = 472369WZ86;
				GENERATE_INFOPLIST_FILE = YES;
				MARKETING_VERSION = 1.0;
				PRODUCT_BUNDLE_IDENTIFIER = "kj.CaffeineTracker-Watch-AppTests";
				PRODUCT_NAME = "$(TARGET_NAME)";
				SDKROOT = watchos;
				SWIFT_EMIT_LOC_STRINGS = NO;
				SWIFT_VERSION = 5.0;
				TARGETED_DEVICE_FAMILY = 4;
				TEST_HOST = "$(BUILT_PRODUCTS_DIR)/CaffeineTracker Watch App.app/$(BUNDLE_EXECUTABLE_FOLDER_PATH)/CaffeineTracker Watch App";
				VALIDATE_PRODUCT = YES;
				WATCHOS_DEPLOYMENT_TARGET = 11.2;
			};
			name = Release;
		};
		C858BE252D75D59800C4C6C0 /* Debug */ = {
			isa = XCBuildConfiguration;
			buildSettings = {
				CODE_SIGN_STYLE = Automatic;
				CURRENT_PROJECT_VERSION = 1;
				DEVELOPMENT_TEAM = 472369WZ86;
				GENERATE_INFOPLIST_FILE = YES;
				MARKETING_VERSION = 1.0;
				PRODUCT_BUNDLE_IDENTIFIER = "kj.CaffeineTracker-Watch-AppUITests";
				PRODUCT_NAME = "$(TARGET_NAME)";
				SDKROOT = watchos;
				SWIFT_EMIT_LOC_STRINGS = NO;
				SWIFT_VERSION = 5.0;
				TARGETED_DEVICE_FAMILY = 4;
				TEST_TARGET_NAME = "CaffeineTracker Watch App";
				WATCHOS_DEPLOYMENT_TARGET = 11.2;
			};
			name = Debug;
		};
		C858BE262D75D59800C4C6C0 /* Release */ = {
			isa = XCBuildConfiguration;
			buildSettings = {
				CODE_SIGN_STYLE = Automatic;
				CURRENT_PROJECT_VERSION = 1;
				DEVELOPMENT_TEAM = 472369WZ86;
				GENERATE_INFOPLIST_FILE = YES;
				MARKETING_VERSION = 1.0;
				PRODUCT_BUNDLE_IDENTIFIER = "kj.CaffeineTracker-Watch-AppUITests";
				PRODUCT_NAME = "$(TARGET_NAME)";
				SDKROOT = watchos;
				SWIFT_EMIT_LOC_STRINGS = NO;
				SWIFT_VERSION = 5.0;
				TARGETED_DEVICE_FAMILY = 4;
				TEST_TARGET_NAME = "CaffeineTracker Watch App";
				VALIDATE_PRODUCT = YES;
				WATCHOS_DEPLOYMENT_TARGET = 11.2;
			};
			name = Release;
		};
/* End XCBuildConfiguration section */

/* Begin XCConfigurationList section */
		C858BDEB2D75D59500C4C6C0 /* Build configuration list for PBXProject "CaffeineTracker" */ = {
			isa = XCConfigurationList;
			buildConfigurations = (
				C858BE182D75D59800C4C6C0 /* Debug */,
				C858BE192D75D59800C4C6C0 /* Release */,
			);
			defaultConfigurationIsVisible = 0;
			defaultConfigurationName = Release;
		};
		C858BE1A2D75D59800C4C6C0 /* Build configuration list for PBXNativeTarget "CaffeineTracker Watch App" */ = {
			isa = XCConfigurationList;
			buildConfigurations = (
				C858BE1B2D75D59800C4C6C0 /* Debug */,
				C858BE1C2D75D59800C4C6C0 /* Release */,
			);
			defaultConfigurationIsVisible = 0;
			defaultConfigurationName = Release;
		};
		C858BE1E2D75D59800C4C6C0 /* Build configuration list for PBXNativeTarget "CaffeineTracker" */ = {
			isa = XCConfigurationList;
			buildConfigurations = (
				C858BE1F2D75D59800C4C6C0 /* Debug */,
				C858BE202D75D59800C4C6C0 /* Release */,
			);
			defaultConfigurationIsVisible = 0;
			defaultConfigurationName = Release;
		};
		C858BE212D75D59800C4C6C0 /* Build configuration list for PBXNativeTarget "CaffeineTracker Watch AppTests" */ = {
			isa = XCConfigurationList;
			buildConfigurations = (
				C858BE222D75D59800C4C6C0 /* Debug */,
				C858BE232D75D59800C4C6C0 /* Release */,
			);
			defaultConfigurationIsVisible = 0;
			defaultConfigurationName = Release;
		};
		C858BE242D75D59800C4C6C0 /* Build configuration list for PBXNativeTarget "CaffeineTracker Watch AppUITests" */ = {
			isa = XCConfigurationList;
			buildConfigurations = (
				C858BE252D75D59800C4C6C0 /* Debug */,
				C858BE262D75D59800C4C6C0 /* Release */,
			);
			defaultConfigurationIsVisible = 0;
			defaultConfigurationName = Release;
		};
/* End XCConfigurationList section */
	};
	rootObject = C858BDE82D75D59500C4C6C0 /* Project object */;
}
